Microsoft Visual Studio Solution File, Format Version 12.00
# Visual Studio Version 17
VisualStudioVersion = 17.0.32112.339
MinimumVisualStudioVersion = 10.0.40219.1
Project("{2150E333-8FDC-42A3-9474-1A3956D46DE8}") = "Solution Items", "Solution Items", "{EFDA19B9-3AF2-47F7-977B-E310DE913497}"
	ProjectSection(SolutionItems) = preProject
		.dockerignore = .dockerignore
		.editorconfig = .editorconfig
		.gitignore = .gitignore
		CleanArchitecture.Blazor.nuspec = CleanArchitecture.Blazor.nuspec
		Dockerfile = Dockerfile
		README.md = README.md
	EndProjectSection
EndProject
Project("{2150E333-8FDC-42A3-9474-1A3956D46DE8}") = "src", "src", "{21DC0B96-ED87-4130-BA8D-E8CF73903344}"
EndProject
Project("{2150E333-8FDC-42A3-9474-1A3956D46DE8}") = "tests", "tests", "{E5DE00AF-3C91-41CE-B37C-2C46F97739F3}"
EndProject
Project("{9A19103F-16F7-4668-BE54-9A1E7A4F7556}") = "Application", "src\Application\Application.csproj", "{196FC2C6-2817-494B-AB9D-26F9DD33247A}"
EndProject
Project("{9A19103F-16F7-4668-BE54-9A1E7A4F7556}") = "Domain", "src\Domain\Domain.csproj", "{AAD8A88D-2BBE-4C6E-A4CA-02D9005BF3DF}"
EndProject
Project("{9A19103F-16F7-4668-BE54-9A1E7A4F7556}") = "Infrastructure", "src\Infrastructure\Infrastructure.csproj", "{D5A42BE7-D229-4746-9D2A-AC878F79DBED}"
EndProject
Project("{E53339B2-1760-4266-BCC7-CA923CBCF16C}") = "docker-compose", "docker-compose.dcproj", "{6BD2EC46-FA8F-44F3-AF33-903BBB347116}"
EndProject
Project("{9A19103F-16F7-4668-BE54-9A1E7A4F7556}") = "Application.IntegrationTests", "tests\Application.IntegrationTests\Application.IntegrationTests.csproj", "{4AF55920-007C-411D-8AD3-6F9D2C722450}"
EndProject
Project("{9A19103F-16F7-4668-BE54-9A1E7A4F7556}") = "Application.UnitTests", "tests\Application.UnitTests\Application.UnitTests.csproj", "{92C7B430-4830-4ECB-B195-7AA306F1ED21}"
EndProject
Project("{9A19103F-16F7-4668-BE54-9A1E7A4F7556}") = "Domain.UnitTests", "tests\Domain.UnitTests\Domain.UnitTests.csproj", "{CA0BF3A4-392B-41AC-AAEF-C83A59913499}"
EndProject
Project("{2150E333-8FDC-42A3-9474-1A3956D46DE8}") = "Migrators", "Migrators", "{5C45543E-B3FA-4C1F-9D7D-DA2E6654BD61}"
EndProject
Project("{9A19103F-16F7-4668-BE54-9A1E7A4F7556}") = "Migrators.MSSQL", "src\Migrators\Migrators.MSSQL\Migrators.MSSQL.csproj", "{910C5689-CC8A-4E5B-8894-B00515C90466}"
EndProject
Project("{9A19103F-16F7-4668-BE54-9A1E7A4F7556}") = "Migrators.PostgreSQL", "src\Migrators\Migrators.PostgreSQL\Migrators.PostgreSQL.csproj", "{08778353-0814-41BB-B49E-36BBA8D7751D}"
EndProject
Project("{9A19103F-16F7-4668-BE54-9A1E7A4F7556}") = "Migrators.SqLite", "src\Migrators\Migrators.SqLite\Migrators.SqLite.csproj", "{469D68F1-379E-46A6-AAC3-CD1E4C0E7D77}"
EndProject
Project("{9A19103F-16F7-4668-BE54-9A1E7A4F7556}") = "Server.UI", "src\Server.UI\Server.UI.csproj", "{3E4AF4E5-02EE-4F26-9B6D-8723670172B3}"
EndProject
Global
	GlobalSection(SolutionConfigurationPlatforms) = preSolution
		Debug|Any CPU = Debug|Any CPU
		Release|Any CPU = Release|Any CPU
	EndGlobalSection
	GlobalSection(ProjectConfigurationPlatforms) = postSolution
		{196FC2C6-2817-494B-AB9D-26F9DD33247A}.Debug|Any CPU.ActiveCfg = Debug|Any CPU
		{196FC2C6-2817-494B-AB9D-26F9DD33247A}.Debug|Any CPU.Build.0 = Debug|Any CPU
		{196FC2C6-2817-494B-AB9D-26F9DD33247A}.Release|Any CPU.ActiveCfg = Release|Any CPU
		{196FC2C6-2817-494B-AB9D-26F9DD33247A}.Release|Any CPU.Build.0 = Release|Any CPU
		{AAD8A88D-2BBE-4C6E-A4CA-02D9005BF3DF}.Debug|Any CPU.ActiveCfg = Debug|Any CPU
		{AAD8A88D-2BBE-4C6E-A4CA-02D9005BF3DF}.Debug|Any CPU.Build.0 = Debug|Any CPU
		{AAD8A88D-2BBE-4C6E-A4CA-02D9005BF3DF}.Release|Any CPU.ActiveCfg = Release|Any CPU
		{AAD8A88D-2BBE-4C6E-A4CA-02D9005BF3DF}.Release|Any CPU.Build.0 = Release|Any CPU
		{D5A42BE7-D229-4746-9D2A-AC878F79DBED}.Debug|Any CPU.ActiveCfg = Debug|Any CPU
		{D5A42BE7-D229-4746-9D2A-AC878F79DBED}.Debug|Any CPU.Build.0 = Debug|Any CPU
		{D5A42BE7-D229-4746-9D2A-AC878F79DBED}.Release|Any CPU.ActiveCfg = Release|Any CPU
		{D5A42BE7-D229-4746-9D2A-AC878F79DBED}.Release|Any CPU.Build.0 = Release|Any CPU
		{6BD2EC46-FA8F-44F3-AF33-903BBB347116}.Debug|Any CPU.ActiveCfg = Debug|Any CPU
		{6BD2EC46-FA8F-44F3-AF33-903BBB347116}.Debug|Any CPU.Build.0 = Debug|Any CPU
		{6BD2EC46-FA8F-44F3-AF33-903BBB347116}.Release|Any CPU.ActiveCfg = Release|Any CPU
		{6BD2EC46-FA8F-44F3-AF33-903BBB347116}.Release|Any CPU.Build.0 = Release|Any CPU
		{4AF55920-007C-411D-8AD3-6F9D2C722450}.Debug|Any CPU.ActiveCfg = Debug|Any CPU
		{4AF55920-007C-411D-8AD3-6F9D2C722450}.Debug|Any CPU.Build.0 = Debug|Any CPU
		{4AF55920-007C-411D-8AD3-6F9D2C722450}.Release|Any CPU.ActiveCfg = Release|Any CPU
		{4AF55920-007C-411D-8AD3-6F9D2C722450}.Release|Any CPU.Build.0 = Release|Any CPU
		{92C7B430-4830-4ECB-B195-7AA306F1ED21}.Debug|Any CPU.ActiveCfg = Debug|Any CPU
		{92C7B430-4830-4ECB-B195-7AA306F1ED21}.Debug|Any CPU.Build.0 = Debug|Any CPU
		{92C7B430-4830-4ECB-B195-7AA306F1ED21}.Release|Any CPU.ActiveCfg = Release|Any CPU
		{92C7B430-4830-4ECB-B195-7AA306F1ED21}.Release|Any CPU.Build.0 = Release|Any CPU
		{CA0BF3A4-392B-41AC-AAEF-C83A59913499}.Debug|Any CPU.ActiveCfg = Debug|Any CPU
		{CA0BF3A4-392B-41AC-AAEF-C83A59913499}.Debug|Any CPU.Build.0 = Debug|Any CPU
		{CA0BF3A4-392B-41AC-AAEF-C83A59913499}.Release|Any CPU.ActiveCfg = Release|Any CPU
		{CA0BF3A4-392B-41AC-AAEF-C83A59913499}.Release|Any CPU.Build.0 = Release|Any CPU
		{910C5689-CC8A-4E5B-8894-B00515C90466}.Debug|Any CPU.ActiveCfg = Debug|Any CPU
		{910C5689-CC8A-4E5B-8894-B00515C90466}.Debug|Any CPU.Build.0 = Debug|Any CPU
		{910C5689-CC8A-4E5B-8894-B00515C90466}.Release|Any CPU.ActiveCfg = Release|Any CPU
		{910C5689-CC8A-4E5B-8894-B00515C90466}.Release|Any CPU.Build.0 = Release|Any CPU
		{08778353-0814-41BB-B49E-36BBA8D7751D}.Debug|Any CPU.ActiveCfg = Debug|Any CPU
		{08778353-0814-41BB-B49E-36BBA8D7751D}.Debug|Any CPU.Build.0 = Debug|Any CPU
		{08778353-0814-41BB-B49E-36BBA8D7751D}.Release|Any CPU.ActiveCfg = Release|Any CPU
		{08778353-0814-41BB-B49E-36BBA8D7751D}.Release|Any CPU.Build.0 = Release|Any CPU
		{469D68F1-379E-46A6-AAC3-CD1E4C0E7D77}.Debug|Any CPU.ActiveCfg = Debug|Any CPU
		{469D68F1-379E-46A6-AAC3-CD1E4C0E7D77}.Debug|Any CPU.Build.0 = Debug|Any CPU
		{469D68F1-379E-46A6-AAC3-CD1E4C0E7D77}.Release|Any CPU.ActiveCfg = Release|Any CPU
		{469D68F1-379E-46A6-AAC3-CD1E4C0E7D77}.Release|Any CPU.Build.0 = Release|Any CPU
		{3E4AF4E5-02EE-4F26-9B6D-8723670172B3}.Debug|Any CPU.ActiveCfg = Debug|Any CPU
		{3E4AF4E5-02EE-4F26-9B6D-8723670172B3}.Debug|Any CPU.Build.0 = Debug|Any CPU
		{3E4AF4E5-02EE-4F26-9B6D-8723670172B3}.Release|Any CPU.ActiveCfg = Release|Any CPU
		{3E4AF4E5-02EE-4F26-9B6D-8723670172B3}.Release|Any CPU.Build.0 = Release|Any CPU
	EndGlobalSection
	GlobalSection(SolutionProperties) = preSolution
		HideSolutionNode = FALSE
	EndGlobalSection
	GlobalSection(NestedProjects) = preSolution
		{196FC2C6-2817-494B-AB9D-26F9DD33247A} = {21DC0B96-ED87-4130-BA8D-E8CF73903344}
		{AAD8A88D-2BBE-4C6E-A4CA-02D9005BF3DF} = {21DC0B96-ED87-4130-BA8D-E8CF73903344}
		{D5A42BE7-D229-4746-9D2A-AC878F79DBED} = {21DC0B96-ED87-4130-BA8D-E8CF73903344}
		{4AF55920-007C-411D-8AD3-6F9D2C722450} = {E5DE00AF-3C91-41CE-B37C-2C46F97739F3}
		{92C7B430-4830-4ECB-B195-7AA306F1ED21} = {E5DE00AF-3C91-41CE-B37C-2C46F97739F3}
		{CA0BF3A4-392B-41AC-AAEF-C83A59913499} = {E5DE00AF-3C91-41CE-B37C-2C46F97739F3}
		{5C45543E-B3FA-4C1F-9D7D-DA2E6654BD61} = {21DC0B96-ED87-4130-BA8D-E8CF73903344}
		{910C5689-CC8A-4E5B-8894-B00515C90466} = {5C45543E-B3FA-4C1F-9D7D-DA2E6654BD61}
		{08778353-0814-41BB-B49E-36BBA8D7751D} = {5C45543E-B3FA-4C1F-9D7D-DA2E6654BD61}
		{469D68F1-379E-46A6-AAC3-CD1E4C0E7D77} = {5C45543E-B3FA-4C1F-9D7D-DA2E6654BD61}
		{3E4AF4E5-02EE-4F26-9B6D-8723670172B3} = {21DC0B96-ED87-4130-BA8D-E8CF73903344}
	EndGlobalSection
	GlobalSection(ExtensibilityGlobals) = postSolution
		SolutionGuid = {384CDE06-46A5-4FC5-AED4-7B23339EA56F}
	EndGlobalSection
EndGlobal
